{
  "name": "hail-ants-bot",
  "version": "1.0.0",
  "lockfileVersion": 1,
  "requires": true,
  "dependencies": {
    "abstract-leveldown": {
      "version": "6.2.3",
      "resolved": "https://registry.npmjs.org/abstract-leveldown/-/abstract-leveldown-6.2.3.tgz",
      "integrity": "sha512-BsLm5vFMRUrrLeCcRc+G0t2qOaTzpoJQLOubq2XM72eNpjF5UdU5o/5NvlNhx95XHcAvcl8OMXr4mlg/fRgUXQ==",
      "requires": {
        "buffer": "^5.5.0",
        "immediate": "^3.2.3",
        "level-concat-iterator": "~2.0.0",
        "level-supports": "~1.0.0",
        "xtend": "~4.0.0"
      }
    },
    "addressparser": {
      "version": "0.1.3",
      "resolved": "https://registry.npmjs.org/addressparser/-/addressparser-0.1.3.tgz",
      "integrity": "sha1-npq0PSV+GueE4d9fWAyfUkD1iHQ="
    },
    "ajv": {
      "version": "4.11.8",
      "resolved": "https://registry.npmjs.org/ajv/-/ajv-4.11.8.tgz",
      "integrity": "sha1-gv+wKynmYq5TvcIK8VlHcGc5xTY=",
      "requires": {
        "co": "^4.6.0",
        "json-stable-stringify": "^1.0.1"
      }
    },
    "array-indexofobject": {
      "version": "0.0.1",
      "resolved": "https://registry.npmjs.org/array-indexofobject/-/array-indexofobject-0.0.1.tgz",
      "integrity": "sha1-qqEo5iybPDWAlFaMIZ/2T+SJ1Co="
    },
    "asn1": {
      "version": "0.2.3",
      "resolved": "https://registry.npmjs.org/asn1/-/asn1-0.2.3.tgz",
      "integrity": "sha1-2sh4dxPJlmhJ/IGAd36+nB3fO4Y="
    },
    "assert-plus": {
      "version": "0.2.0",
      "resolved": "https://registry.npmjs.org/assert-plus/-/assert-plus-0.2.0.tgz",
      "integrity": "sha1-104bh+ev/A24qttwIfP+SBAasjQ="
    },
    "async": {
      "version": "0.9.2",
      "resolved": "https://registry.npmjs.org/async/-/async-0.9.2.tgz",
      "integrity": "sha1-rqdNXmHB+JlhO/ZL2mbUx48v0X0="
    },
    "async-waterfall": {
      "version": "0.1.5",
      "resolved": "https://registry.npmjs.org/async-waterfall/-/async-waterfall-0.1.5.tgz",
      "integrity": "sha1-OYvUiw6sXUD/vkAP6eN6U7qWba4="
    },
    "asynckit": {
      "version": "0.4.0",
      "resolved": "https://registry.npmjs.org/asynckit/-/asynckit-0.4.0.tgz",
      "integrity": "sha1-x57Zf380y48robyXkLzDZkdLS3k="
    },
    "aws-sign2": {
      "version": "0.6.0",
      "resolved": "https://registry.npmjs.org/aws-sign2/-/aws-sign2-0.6.0.tgz",
      "integrity": "sha1-FDQt0428yU0OW4fXY81jYSwOeU8="
    },
    "aws4": {
      "version": "1.6.0",
      "resolved": "https://registry.npmjs.org/aws4/-/aws4-1.6.0.tgz",
      "integrity": "sha1-g+9cqGCysy5KDe7e6MdxudtXRx4="
    },
    "base64-js": {
      "version": "1.3.1",
      "resolved": "https://registry.npmjs.org/base64-js/-/base64-js-1.3.1.tgz",
      "integrity": "sha512-mLQ4i2QO1ytvGWFWmcngKO//JXAQueZvwEKtjgQFM4jIK0kU+ytMfplL8j+n5mspOfjHwoAg+9yhb7BwAHm36g=="
    },
    "bcrypt-pbkdf": {
      "version": "1.0.1",
      "resolved": "https://registry.npmjs.org/bcrypt-pbkdf/-/bcrypt-pbkdf-1.0.1.tgz",
      "integrity": "sha1-Y7xdy2EzG5K8Bf1SiVPDNGKgb40=",
      "optional": true,
      "requires": {
        "tweetnacl": "^0.14.3"
      }
    },
    "boolbase": {
      "version": "1.0.0",
      "resolved": "https://registry.npmjs.org/boolbase/-/boolbase-1.0.0.tgz",
      "integrity": "sha1-aN/1++YMUes3cl6p4+0xDcwed24="
    },
    "boom": {
      "version": "2.10.1",
      "resolved": "https://registry.npmjs.org/boom/-/boom-2.10.1.tgz",
      "integrity": "sha1-OciRjO/1eZ+D+UkqhI9iWt0Mdm8=",
      "requires": {
        "hoek": "2.x.x"
      }
    },
    "buffer": {
      "version": "5.6.0",
      "resolved": "https://registry.npmjs.org/buffer/-/buffer-5.6.0.tgz",
      "integrity": "sha512-/gDYp/UtU0eA1ys8bOs9J6a+E/KWIY+DZ+Q2WESNUA0jFRsJOc0SNUO6xJ5SGA1xueg3NL65W6s+NY5l9cunuw==",
      "requires": {
        "base64-js": "^1.0.2",
        "ieee754": "^1.1.4"
      }
    },
    "call-next-tick": {
      "version": "1.1.2",
      "resolved": "https://registry.npmjs.org/call-next-tick/-/call-next-tick-1.1.2.tgz",
      "integrity": "sha1-MtdSxilrTyWZKQXS4Z4YGG6TZqw="
    },
    "caseless": {
      "version": "0.12.0",
      "resolved": "https://registry.npmjs.org/caseless/-/caseless-0.12.0.tgz",
      "integrity": "sha1-G2gcIf+EAzyCZUMJBolCDRhxUdw="
    },
    "cheerio": {
      "version": "0.19.0",
      "resolved": "https://registry.npmjs.org/cheerio/-/cheerio-0.19.0.tgz",
      "integrity": "sha1-dy5wFfLuKZZQltcepBdbdas1SSU=",
      "requires": {
        "css-select": "~1.0.0",
        "dom-serializer": "~0.1.0",
        "entities": "~1.1.1",
        "htmlparser2": "~3.8.1",
        "lodash": "^3.2.0"
      }
    },
    "co": {
      "version": "4.6.0",
      "resolved": "https://registry.npmjs.org/co/-/co-4.6.0.tgz",
      "integrity": "sha1-bqa989hTrlTMuOR7+gvz+QMfsYQ="
    },
    "combined-stream": {
      "version": "1.0.5",
      "resolved": "https://registry.npmjs.org/combined-stream/-/combined-stream-1.0.5.tgz",
      "integrity": "sha1-k4NwpXtKUd6ix3wV1cX9+JUWQAk=",
      "requires": {
        "delayed-stream": "~1.0.0"
      }
    },
    "core-util-is": {
      "version": "1.0.2",
      "resolved": "https://registry.npmjs.org/core-util-is/-/core-util-is-1.0.2.tgz",
      "integrity": "sha1-tf1UIgqivFq1eqtxQMlAdUUDwac="
    },
    "cryptiles": {
      "version": "2.0.5",
      "resolved": "https://registry.npmjs.org/cryptiles/-/cryptiles-2.0.5.tgz",
      "integrity": "sha1-O9/s3GCBR8HGcgL6KR59ylnqo7g=",
      "requires": {
        "boom": "2.x.x"
      }
    },
    "css-select": {
      "version": "1.0.0",
      "resolved": "https://registry.npmjs.org/css-select/-/css-select-1.0.0.tgz",
      "integrity": "sha1-sRIcpRhI3SZOIkTQWM7iVN7rRLA=",
      "requires": {
        "boolbase": "~1.0.0",
        "css-what": "1.0",
        "domutils": "1.4",
        "nth-check": "~1.0.0"
      }
    },
    "css-what": {
      "version": "1.0.0",
      "resolved": "https://registry.npmjs.org/css-what/-/css-what-1.0.0.tgz",
      "integrity": "sha1-18wt9FGAZm+Z0rFEYmOUaeAPc2w="
    },
    "d3-array": {
      "version": "1.2.1",
      "resolved": "https://registry.npmjs.org/d3-array/-/d3-array-1.2.1.tgz",
      "integrity": "sha512-CyINJQ0SOUHojDdFDH4JEM0552vCR1utGyLHegJHyYH0JyCpSeTPxi4OBqHMA2jJZq4NH782LtaJWBImqI/HBw=="
    },
    "d3-queue": {
      "version": "3.0.7",
      "resolved": "https://registry.npmjs.org/d3-queue/-/d3-queue-3.0.7.tgz",
      "integrity": "sha1-yTouVLQXwJWRKdfXP2z31Ckudhg="
    },
    "dashdash": {
      "version": "1.14.1",
      "resolved": "https://registry.npmjs.org/dashdash/-/dashdash-1.14.1.tgz",
      "integrity": "sha1-hTz6D3y+L+1d4gMmuN1YEDX24vA=",
      "requires": {
        "assert-plus": "^1.0.0"
      },
      "dependencies": {
        "assert-plus": {
          "version": "1.0.0",
          "resolved": "https://registry.npmjs.org/assert-plus/-/assert-plus-1.0.0.tgz",
          "integrity": "sha1-8S4PPF13sLHN2RRpQuTpbB5N1SU="
        }
      }
    },
    "deep-equal": {
      "version": "0.2.2",
      "resolved": "https://registry.npmjs.org/deep-equal/-/deep-equal-0.2.2.tgz",
      "integrity": "sha1-hLdFiW80xoTpjyzg5Cq69Du6AX0=",
      "dev": true
    },
    "deferred-leveldown": {
      "version": "5.3.0",
      "resolved": "https://registry.npmjs.org/deferred-leveldown/-/deferred-leveldown-5.3.0.tgz",
      "integrity": "sha512-a59VOT+oDy7vtAbLRCZwWgxu2BaCfd5Hk7wxJd48ei7I+nsg8Orlb9CLG0PMZienk9BSUKgeAqkO2+Lw+1+Ukw==",
      "requires": {
        "abstract-leveldown": "~6.2.1",
        "inherits": "^2.0.3"
      }
    },
    "defined": {
      "version": "0.0.0",
      "resolved": "https://registry.npmjs.org/defined/-/defined-0.0.0.tgz",
      "integrity": "sha1-817qfXBekzuvE7LwOz+D2SFAOz4=",
      "dev": true
    },
    "delayed-stream": {
      "version": "1.0.0",
      "resolved": "https://registry.npmjs.org/delayed-stream/-/delayed-stream-1.0.0.tgz",
      "integrity": "sha1-3zrhmayt+31ECqrgsp4icrJOxhk="
    },
    "dom-serializer": {
      "version": "0.1.0",
      "resolved": "https://registry.npmjs.org/dom-serializer/-/dom-serializer-0.1.0.tgz",
      "integrity": "sha1-BzxpdUbOB4DOI75KKOKT5AvDDII=",
      "requires": {
        "domelementtype": "~1.1.1",
        "entities": "~1.1.1"
      },
      "dependencies": {
        "domelementtype": {
          "version": "1.1.3",
          "resolved": "https://registry.npmjs.org/domelementtype/-/domelementtype-1.1.3.tgz",
          "integrity": "sha1-vSh3PiZCiBrsUVRJJCmcXNgiGFs="
        }
      }
    },
    "domelementtype": {
      "version": "1.3.0",
      "resolved": "https://registry.npmjs.org/domelementtype/-/domelementtype-1.3.0.tgz",
      "integrity": "sha1-sXrtguirWeUt2cGbF1bg/BhyBMI="
    },
    "domhandler": {
      "version": "2.3.0",
      "resolved": "https://registry.npmjs.org/domhandler/-/domhandler-2.3.0.tgz",
      "integrity": "sha1-LeWaCCLVAn+r/28DLCsloqir5zg=",
      "requires": {
        "domelementtype": "1"
      }
    },
    "domutils": {
      "version": "1.4.3",
      "resolved": "https://registry.npmjs.org/domutils/-/domutils-1.4.3.tgz",
      "integrity": "sha1-CGVRN5bGswYDGFDhdVFrr4C3Km8=",
      "requires": {
        "domelementtype": "1"
      }
    },
    "ecc-jsbn": {
      "version": "0.1.1",
      "resolved": "https://registry.npmjs.org/ecc-jsbn/-/ecc-jsbn-0.1.1.tgz",
      "integrity": "sha1-D8c6ntXw1Tw4GTOYUj735UN3dQU=",
      "optional": true,
      "requires": {
        "jsbn": "~0.1.0"
      }
    },
    "encoding-down": {
      "version": "6.3.0",
      "resolved": "https://registry.npmjs.org/encoding-down/-/encoding-down-6.3.0.tgz",
      "integrity": "sha512-QKrV0iKR6MZVJV08QY0wp1e7vF6QbhnbQhb07bwpEyuz4uZiZgPlEGdkCROuFkUwdxlFaiPIhjyarH1ee/3vhw==",
      "requires": {
        "abstract-leveldown": "^6.2.1",
        "inherits": "^2.0.3",
        "level-codec": "^9.0.0",
        "level-errors": "^2.0.0"
      }
    },
    "entities": {
      "version": "1.1.1",
      "resolved": "https://registry.npmjs.org/entities/-/entities-1.1.1.tgz",
      "integrity": "sha1-blwtClYhtdra7O+AuQ7ftc13cvA="
    },
    "errno": {
      "version": "0.1.7",
      "resolved": "https://registry.npmjs.org/errno/-/errno-0.1.7.tgz",
      "integrity": "sha512-MfrRBDWzIWifgq6tJj60gkAwtLNb6sQPlcFrSOflcP1aFmmruKQ2wRnze/8V6kgyz7H3FF8Npzv78mZ7XLLflg==",
      "requires": {
        "prr": "~1.0.1"
      }
    },
    "extend": {
      "version": "3.0.1",
      "resolved": "https://registry.npmjs.org/extend/-/extend-3.0.1.tgz",
      "integrity": "sha1-p1Xqe8Gt/MWjHOfnYtuq3F5jZEQ="
    },
    "extsprintf": {
      "version": "1.3.0",
      "resolved": "https://registry.npmjs.org/extsprintf/-/extsprintf-1.3.0.tgz",
      "integrity": "sha1-lpGEQOMEGnpBT4xS48V06zw+HgU="
    },
    "feedparser": {
      "version": "1.1.6",
      "resolved": "https://registry.npmjs.org/feedparser/-/feedparser-1.1.6.tgz",
      "integrity": "sha1-VrcboPlpHXCqp/3YhNWulv3+U2Y=",
      "requires": {
        "addressparser": "~0.1.3",
        "array-indexofobject": "~0.0.1",
        "readable-stream": "~1.0.17",
        "sax": "~0.6.0"
      }
    },
    "fetch-headlines": {
      "version": "3.0.0",
      "resolved": "https://registry.npmjs.org/fetch-headlines/-/fetch-headlines-3.0.0.tgz",
      "integrity": "sha1-v/Tp1zTuNtRIgjk8SQyV29C4JHk=",
      "requires": {
        "call-next-tick": "^1.1.2",
        "feedparser": "^1.1.3",
        "lodash": "^3.10.1",
        "request": "^2.64.0"
      }
    },
    "forever-agent": {
      "version": "0.6.1",
      "resolved": "https://registry.npmjs.org/forever-agent/-/forever-agent-0.6.1.tgz",
      "integrity": "sha1-+8cfDEGt6zf5bFd60e1C2P2sypE="
    },
    "form-data": {
      "version": "2.1.4",
      "resolved": "https://registry.npmjs.org/form-data/-/form-data-2.1.4.tgz",
      "integrity": "sha1-M8GDrPGTJ27KqYFDpp6Uv+4XUNE=",
      "requires": {
        "asynckit": "^0.4.0",
        "combined-stream": "^1.0.5",
        "mime-types": "^2.1.12"
      }
    },
    "getpass": {
      "version": "0.1.7",
      "resolved": "https://registry.npmjs.org/getpass/-/getpass-0.1.7.tgz",
      "integrity": "sha1-Xv+OPmhNVprkyysSgmBOi6YhSfo=",
      "requires": {
        "assert-plus": "^1.0.0"
      },
      "dependencies": {
        "assert-plus": {
          "version": "1.0.0",
          "resolved": "https://registry.npmjs.org/assert-plus/-/assert-plus-1.0.0.tgz",
          "integrity": "sha1-8S4PPF13sLHN2RRpQuTpbB5N1SU="
        }
      }
    },
    "github-file": {
      "version": "1.1.2",
      "resolved": "https://registry.npmjs.org/github-file/-/github-file-1.1.2.tgz",
      "integrity": "sha1-S7l1zNip5ESMH0A5/k6kVZB+R7M=",
      "requires": {
        "async-waterfall": "^0.1.5",
        "call-next-tick": "^2.0.1",
        "idmaker": "^0.1.1",
        "lodash.curry": "^4.1.1",
        "standard-bail": "^2.0.1"
      },
      "dependencies": {
        "call-next-tick": {
          "version": "2.0.1",
          "resolved": "https://registry.npmjs.org/call-next-tick/-/call-next-tick-2.0.1.tgz",
          "integrity": "sha1-BHTMMDgD8HfWeQ8DR0PTN1YSxME="
        }
      }
    },
    "glob": {
      "version": "3.2.11",
      "resolved": "https://registry.npmjs.org/glob/-/glob-3.2.11.tgz",
      "integrity": "sha1-Spc/Y1uRkPcV0QmH1cAP0oFevj0=",
      "dev": true,
      "requires": {
        "inherits": "2",
        "minimatch": "0.3"
      }
    },
    "google": {
      "version": "1.5.0",
      "resolved": "https://registry.npmjs.org/google/-/google-1.5.0.tgz",
      "integrity": "sha1-69zMzdRSLp2uHbq3zaKjkl0R6Ak=",
      "requires": {
        "cheerio": "^0.19.0",
        "request": "^2.54.0"
      }
    },
    "graceful-fs": {
      "version": "4.1.11",
      "resolved": "https://registry.npmjs.org/graceful-fs/-/graceful-fs-4.1.11.tgz",
      "integrity": "sha1-Dovf5NHduIVNZOBOp8AOKgJuVlg=",
      "optional": true
    },
    "har-schema": {
      "version": "1.0.5",
      "resolved": "https://registry.npmjs.org/har-schema/-/har-schema-1.0.5.tgz",
      "integrity": "sha1-0mMTX0MwfALGAq/I/pWXDAFRNp4="
    },
    "har-validator": {
      "version": "4.2.1",
      "resolved": "https://registry.npmjs.org/har-validator/-/har-validator-4.2.1.tgz",
      "integrity": "sha1-M0gdDxu/9gDdID11gSpqX7oALio=",
      "requires": {
        "ajv": "^4.9.1",
        "har-schema": "^1.0.5"
      }
    },
    "hawk": {
      "version": "3.1.3",
      "resolved": "https://registry.npmjs.org/hawk/-/hawk-3.1.3.tgz",
      "integrity": "sha1-B4REvXwWQLD+VA0sm3PVlnjo4cQ=",
      "requires": {
        "boom": "2.x.x",
        "cryptiles": "2.x.x",
        "hoek": "2.x.x",
        "sntp": "1.x.x"
      }
    },
    "hoek": {
      "version": "2.16.3",
      "resolved": "https://registry.npmjs.org/hoek/-/hoek-2.16.3.tgz",
      "integrity": "sha1-ILt0A9POo5jpHcRxCo/xuCdKJe0="
    },
    "htmlparser2": {
      "version": "3.8.3",
      "resolved": "https://registry.npmjs.org/htmlparser2/-/htmlparser2-3.8.3.tgz",
      "integrity": "sha1-mWwosZFRaovoZQGn15dX5ccMEGg=",
      "requires": {
        "domelementtype": "1",
        "domhandler": "2.3",
        "domutils": "1.5",
        "entities": "1.0",
        "readable-stream": "1.1"
      },
      "dependencies": {
        "domutils": {
          "version": "1.5.1",
          "resolved": "https://registry.npmjs.org/domutils/-/domutils-1.5.1.tgz",
          "integrity": "sha1-3NhIiib1Y9YQeeSMn3t+Mjc2gs8=",
          "requires": {
            "dom-serializer": "0",
            "domelementtype": "1"
          }
        },
        "entities": {
          "version": "1.0.0",
          "resolved": "https://registry.npmjs.org/entities/-/entities-1.0.0.tgz",
          "integrity": "sha1-sph6o4ITR/zeZCsk/fyeT7cSvyY="
        },
        "readable-stream": {
          "version": "1.1.14",
          "resolved": "https://registry.npmjs.org/readable-stream/-/readable-stream-1.1.14.tgz",
          "integrity": "sha1-fPTFTvZI44EwhMY23SB54WbAgdk=",
          "requires": {
            "core-util-is": "~1.0.0",
            "inherits": "~2.0.1",
            "isarray": "0.0.1",
            "string_decoder": "~0.10.x"
          }
        }
      }
    },
    "http-signature": {
      "version": "1.1.1",
      "resolved": "https://registry.npmjs.org/http-signature/-/http-signature-1.1.1.tgz",
      "integrity": "sha1-33LiZwZs0Kxn+3at+OE0qPvPkb8=",
      "requires": {
        "assert-plus": "^0.2.0",
        "jsprim": "^1.2.2",
        "sshpk": "^1.7.0"
      }
    },
    "idmaker": {
      "version": "0.1.1",
      "resolved": "https://registry.npmjs.org/idmaker/-/idmaker-0.1.1.tgz",
      "integrity": "sha1-pXbDtZaC8zw/CJtypT7s+93uWOY="
    },
    "ieee754": {
      "version": "1.1.13",
      "resolved": "https://registry.npmjs.org/ieee754/-/ieee754-1.1.13.tgz",
      "integrity": "sha512-4vf7I2LYV/HaWerSo3XmlMkp5eZ83i+/CDluXi/IGTs/O1sejBNhTtnxzmRZfvOUqj7lZjqHkeTvpgSFDlWZTg=="
    },
    "immediate": {
      "version": "3.3.0",
      "resolved": "https://registry.npmjs.org/immediate/-/immediate-3.3.0.tgz",
      "integrity": "sha512-HR7EVodfFUdQCTIeySw+WDRFJlPcLOJbXfwwZ7Oom6tjsvZ3bOkCDJHehQC3nxJrv7+f9XecwazynjU8e4Vw3Q=="
    },
    "immutable": {
      "version": "3.8.1",
      "resolved": "https://registry.npmjs.org/immutable/-/immutable-3.8.1.tgz",
      "integrity": "sha1-IAgH8Rqw9ycQ6khVQt4IgHX2jNI="
    },
    "inherits": {
      "version": "2.0.3",
      "resolved": "https://registry.npmjs.org/inherits/-/inherits-2.0.3.tgz",
      "integrity": "sha1-Yzwsg+PaQqUC9SRmAiSA9CCCYd4="
    },
    "is-typedarray": {
      "version": "1.0.0",
      "resolved": "https://registry.npmjs.org/is-typedarray/-/is-typedarray-1.0.0.tgz",
      "integrity": "sha1-5HnICFjfDBsR3dppQPlgEfzaSpo="
    },
    "isarray": {
      "version": "0.0.1",
      "resolved": "https://registry.npmjs.org/isarray/-/isarray-0.0.1.tgz",
      "integrity": "sha1-ihis/Kmo9Bd+Cav8YDiTmwXR7t8="
    },
    "iscool": {
      "version": "1.1.45",
      "resolved": "https://registry.npmjs.org/iscool/-/iscool-1.1.45.tgz",
      "integrity": "sha512-XKL+QPOzE0wNmr1a2r+/mh/8oQNG+78NRYGZ1cZNa0doMtTwkKvxWj3nI4ujCa4ya+OtSeQVWiISCbz02Rfd8Q==",
      "requires": {
        "immutable": "^3.4.1",
        "wordfilter": "^0.2.4"
      }
    },
    "isstream": {
      "version": "0.1.2",
      "resolved": "https://registry.npmjs.org/isstream/-/isstream-0.1.2.tgz",
      "integrity": "sha1-R+Y/evVa+m+S4VAOaQ64uFKcCZo="
    },
    "jsbn": {
      "version": "0.1.1",
      "resolved": "https://registry.npmjs.org/jsbn/-/jsbn-0.1.1.tgz",
      "integrity": "sha1-peZUwuWi3rXyAdls77yoDA7y9RM=",
      "optional": true
    },
    "json-schema": {
      "version": "0.2.3",
      "resolved": "https://registry.npmjs.org/json-schema/-/json-schema-0.2.3.tgz",
      "integrity": "sha1-tIDIkuWaLwWVTOcnvT8qTogvnhM="
    },
    "json-stable-stringify": {
      "version": "1.0.1",
      "resolved": "https://registry.npmjs.org/json-stable-stringify/-/json-stable-stringify-1.0.1.tgz",
      "integrity": "sha1-mnWdOcXy/1A/1TAGRu1EX4jE+a8=",
      "requires": {
        "jsonify": "~0.0.0"
      }
    },
    "json-stringify-safe": {
      "version": "5.0.1",
      "resolved": "https://registry.npmjs.org/json-stringify-safe/-/json-stringify-safe-5.0.1.tgz",
      "integrity": "sha1-Epai1Y/UXxmg9s4B1lcB4sc1tus="
    },
    "jsonfile": {
      "version": "2.4.0",
      "resolved": "https://registry.npmjs.org/jsonfile/-/jsonfile-2.4.0.tgz",
      "integrity": "sha1-NzaitCi4e72gzIO1P6PWM6NcKug=",
      "requires": {
        "graceful-fs": "^4.1.6"
      }
    },
    "jsonify": {
      "version": "0.0.0",
      "resolved": "https://registry.npmjs.org/jsonify/-/jsonify-0.0.0.tgz",
      "integrity": "sha1-LHS27kHZPKUbe1qu6PUDYx0lKnM="
    },
    "jsprim": {
      "version": "1.4.1",
      "resolved": "https://registry.npmjs.org/jsprim/-/jsprim-1.4.1.tgz",
      "integrity": "sha1-MT5mvB5cwG5Di8G3SZwuXFastqI=",
      "requires": {
        "assert-plus": "1.0.0",
        "extsprintf": "1.3.0",
        "json-schema": "0.2.3",
        "verror": "1.10.0"
      },
      "dependencies": {
        "assert-plus": {
          "version": "1.0.0",
          "resolved": "https://registry.npmjs.org/assert-plus/-/assert-plus-1.0.0.tgz",
          "integrity": "sha1-8S4PPF13sLHN2RRpQuTpbB5N1SU="
        }
      }
    },
    "level": {
      "version": "6.0.1",
      "resolved": "https://registry.npmjs.org/level/-/level-6.0.1.tgz",
      "integrity": "sha512-psRSqJZCsC/irNhfHzrVZbmPYXDcEYhA5TVNwr+V92jF44rbf86hqGp8fiT702FyiArScYIlPSBTDUASCVNSpw==",
      "requires": {
        "level-js": "^5.0.0",
        "level-packager": "^5.1.0",
        "leveldown": "^5.4.0"
      }
    },
    "level-codec": {
      "version": "9.0.2",
      "resolved": "https://registry.npmjs.org/level-codec/-/level-codec-9.0.2.tgz",
      "integrity": "sha512-UyIwNb1lJBChJnGfjmO0OR+ezh2iVu1Kas3nvBS/BzGnx79dv6g7unpKIDNPMhfdTEGoc7mC8uAu51XEtX+FHQ==",
      "requires": {
        "buffer": "^5.6.0"
      }
    },
    "level-concat-iterator": {
      "version": "2.0.1",
      "resolved": "https://registry.npmjs.org/level-concat-iterator/-/level-concat-iterator-2.0.1.tgz",
      "integrity": "sha512-OTKKOqeav2QWcERMJR7IS9CUo1sHnke2C0gkSmcR7QuEtFNLLzHQAvnMw8ykvEcv0Qtkg0p7FOwP1v9e5Smdcw=="
    },
    "level-errors": {
      "version": "2.0.1",
      "resolved": "https://registry.npmjs.org/level-errors/-/level-errors-2.0.1.tgz",
      "integrity": "sha512-UVprBJXite4gPS+3VznfgDSU8PTRuVX0NXwoWW50KLxd2yw4Y1t2JUR5In1itQnudZqRMT9DlAM3Q//9NCjCFw==",
      "requires": {
        "errno": "~0.1.1"
      }
    },
    "level-iterator-stream": {
      "version": "4.0.2",
      "resolved": "https://registry.npmjs.org/level-iterator-stream/-/level-iterator-stream-4.0.2.tgz",
      "integrity": "sha512-ZSthfEqzGSOMWoUGhTXdX9jv26d32XJuHz/5YnuHZzH6wldfWMOVwI9TBtKcya4BKTyTt3XVA0A3cF3q5CY30Q==",
      "requires": {
        "inherits": "^2.0.4",
        "readable-stream": "^3.4.0",
        "xtend": "^4.0.2"
      },
      "dependencies": {
        "inherits": {
          "version": "2.0.4",
          "resolved": "https://registry.npmjs.org/inherits/-/inherits-2.0.4.tgz",
          "integrity": "sha512-k/vGaX4/Yla3WzyMCvTQOXYeIHvqOKtnqBduzTHpzpQZzAskKMhZ2K+EnBiSM9zGSoIFeMpXKxa4dYeZIQqewQ=="
        },
        "readable-stream": {
          "version": "3.6.0",
          "resolved": "https://registry.npmjs.org/readable-stream/-/readable-stream-3.6.0.tgz",
          "integrity": "sha512-BViHy7LKeTz4oNnkcLJ+lVSL6vpiFeX6/d3oSH8zCW7UxP2onchk+vTGB143xuFjHS3deTgkKoXXymXqymiIdA==",
          "requires": {
            "inherits": "^2.0.3",
            "string_decoder": "^1.1.1",
            "util-deprecate": "^1.0.1"
          }
        },
        "safe-buffer": {
          "version": "5.2.1",
          "resolved": "https://registry.npmjs.org/safe-buffer/-/safe-buffer-5.2.1.tgz",
          "integrity": "sha512-rp3So07KcdmmKbGvgaNxQSJr7bGVSVk5S9Eq1F+ppbRo70+YeaDxkw5Dd8NPN+GD6bjnYm2VuPuCXmpuYvmCXQ=="
        },
        "string_decoder": {
          "version": "1.3.0",
          "resolved": "https://registry.npmjs.org/string_decoder/-/string_decoder-1.3.0.tgz",
          "integrity": "sha512-hkRX8U1WjJFd8LsDJ2yQ/wWWxaopEsABU1XfkM8A+j0+85JAGppt16cr1Whg6KIbb4okU6Mql6BOj+uup/wKeA==",
          "requires": {
            "safe-buffer": "~5.2.0"
          }
        },
        "xtend": {
          "version": "4.0.2",
          "resolved": "https://registry.npmjs.org/xtend/-/xtend-4.0.2.tgz",
          "integrity": "sha512-LKYU1iAXJXUgAXn9URjiu+MWhyUXHsvfp7mcuYm9dSUKK0/CjtrUwFAxD82/mCWbtLsGjFIad0wIsod4zrTAEQ=="
        }
      }
    },
    "level-js": {
      "version": "5.0.2",
      "resolved": "https://registry.npmjs.org/level-js/-/level-js-5.0.2.tgz",
      "integrity": "sha512-SnBIDo2pdO5VXh02ZmtAyPP6/+6YTJg2ibLtl9C34pWvmtMEmRTWpra+qO/hifkUtBTOtfx6S9vLDjBsBK4gRg==",
      "requires": {
        "abstract-leveldown": "~6.2.3",
        "buffer": "^5.5.0",
        "inherits": "^2.0.3",
        "ltgt": "^2.1.2"
      }
    },
    "level-packager": {
      "version": "5.1.1",
      "resolved": "https://registry.npmjs.org/level-packager/-/level-packager-5.1.1.tgz",
      "integrity": "sha512-HMwMaQPlTC1IlcwT3+swhqf/NUO+ZhXVz6TY1zZIIZlIR0YSn8GtAAWmIvKjNY16ZkEg/JcpAuQskxsXqC0yOQ==",
      "requires": {
        "encoding-down": "^6.3.0",
        "levelup": "^4.3.2"
      }
    },
    "level-supports": {
      "version": "1.0.1",
      "resolved": "https://registry.npmjs.org/level-supports/-/level-supports-1.0.1.tgz",
      "integrity": "sha512-rXM7GYnW8gsl1vedTJIbzOrRv85c/2uCMpiiCzO2fndd06U/kUXEEU9evYn4zFggBOg36IsBW8LzqIpETwwQzg==",
      "requires": {
        "xtend": "^4.0.2"
      },
      "dependencies": {
        "xtend": {
          "version": "4.0.2",
          "resolved": "https://registry.npmjs.org/xtend/-/xtend-4.0.2.tgz",
          "integrity": "sha512-LKYU1iAXJXUgAXn9URjiu+MWhyUXHsvfp7mcuYm9dSUKK0/CjtrUwFAxD82/mCWbtLsGjFIad0wIsod4zrTAEQ=="
        }
      }
    },
    "leveldown": {
      "version": "5.6.0",
      "resolved": "https://registry.npmjs.org/leveldown/-/leveldown-5.6.0.tgz",
      "integrity": "sha512-iB8O/7Db9lPaITU1aA2txU/cBEXAt4vWwKQRrrWuS6XDgbP4QZGj9BL2aNbwb002atoQ/lIotJkfyzz+ygQnUQ==",
      "requires": {
        "abstract-leveldown": "~6.2.1",
        "napi-macros": "~2.0.0",
        "node-gyp-build": "~4.1.0"
      }
    },
    "levelup": {
      "version": "4.4.0",
      "resolved": "https://registry.npmjs.org/levelup/-/levelup-4.4.0.tgz",
      "integrity": "sha512-94++VFO3qN95cM/d6eBXvd894oJE0w3cInq9USsyQzzoJxmiYzPAocNcuGCPGGjoXqDVJcr3C1jzt1TSjyaiLQ==",
      "requires": {
        "deferred-leveldown": "~5.3.0",
        "level-errors": "~2.0.0",
        "level-iterator-stream": "~4.0.0",
        "level-supports": "~1.0.0",
        "xtend": "~4.0.0"
      }
    },
    "lodash": {
      "version": "3.10.1",
      "resolved": "https://registry.npmjs.org/lodash/-/lodash-3.10.1.tgz",
      "integrity": "sha1-W/Rejkm6QYnhfUgnid/RW9FAt7Y="
    },
    "lodash._arraymap": {
      "version": "3.0.0",
      "resolved": "https://registry.npmjs.org/lodash._arraymap/-/lodash._arraymap-3.0.0.tgz",
      "integrity": "sha1-Go/Q9MDfS2HeoHbXF83Jfwo8PmY="
    },
    "lodash._basecallback": {
      "version": "3.3.1",
      "resolved": "https://registry.npmjs.org/lodash._basecallback/-/lodash._basecallback-3.3.1.tgz",
      "integrity": "sha1-t7K7Q9whYEJKIczybFfkQ3cqjic=",
      "requires": {
        "lodash._baseisequal": "^3.0.0",
        "lodash._bindcallback": "^3.0.0",
        "lodash.isarray": "^3.0.0",
        "lodash.pairs": "^3.0.0"
      }
    },
    "lodash._baseeach": {
      "version": "3.0.4",
      "resolved": "https://registry.npmjs.org/lodash._baseeach/-/lodash._baseeach-3.0.4.tgz",
      "integrity": "sha1-z4cGVyyhROjZ11InyZDamC+TKvM=",
      "requires": {
        "lodash.keys": "^3.0.0"
      }
    },
    "lodash._baseget": {
      "version": "3.7.2",
      "resolved": "https://registry.npmjs.org/lodash._baseget/-/lodash._baseget-3.7.2.tgz",
      "integrity": "sha1-G2rh1frPPCVTI1ChPBGXy4u2dPQ="
    },
    "lodash._baseisequal": {
      "version": "3.0.7",
      "resolved": "https://registry.npmjs.org/lodash._baseisequal/-/lodash._baseisequal-3.0.7.tgz",
      "integrity": "sha1-2AJfdjOdKTQnZ9zIh85cuVpbUfE=",
      "requires": {
        "lodash.isarray": "^3.0.0",
        "lodash.istypedarray": "^3.0.0",
        "lodash.keys": "^3.0.0"
      }
    },
    "lodash._bindcallback": {
      "version": "3.0.1",
      "resolved": "https://registry.npmjs.org/lodash._bindcallback/-/lodash._bindcallback-3.0.1.tgz",
      "integrity": "sha1-5THCdkTPi1epnhftlbNcdIeJOS4="
    },
    "lodash._getnative": {
      "version": "3.9.1",
      "resolved": "https://registry.npmjs.org/lodash._getnative/-/lodash._getnative-3.9.1.tgz",
      "integrity": "sha1-VwvH3t5G1hzc3mh9ZdPuy6o6r/U="
    },
    "lodash._topath": {
      "version": "3.8.1",
      "resolved": "https://registry.npmjs.org/lodash._topath/-/lodash._topath-3.8.1.tgz",
      "integrity": "sha1-PsXiYGAU9MuX91X+aRTt2L/ADqw=",
      "requires": {
        "lodash.isarray": "^3.0.0"
      }
    },
    "lodash.clonedeep": {
      "version": "4.5.0",
      "resolved": "https://registry.npmjs.org/lodash.clonedeep/-/lodash.clonedeep-4.5.0.tgz",
      "integrity": "sha1-4j8/nE+Pvd6HJSnBBxhXoIblzO8="
    },
    "lodash.curry": {
      "version": "4.1.1",
      "resolved": "https://registry.npmjs.org/lodash.curry/-/lodash.curry-4.1.1.tgz",
      "integrity": "sha1-JI42By7ekGUB11lmIAqG2riyMXA="
    },
    "lodash.defaults": {
      "version": "4.2.0",
      "resolved": "https://registry.npmjs.org/lodash.defaults/-/lodash.defaults-4.2.0.tgz",
      "integrity": "sha1-0JF4cW/+pN3p5ft7N/bwgCJ0WAw="
    },
    "lodash.isarguments": {
      "version": "3.1.0",
      "resolved": "https://registry.npmjs.org/lodash.isarguments/-/lodash.isarguments-3.1.0.tgz",
      "integrity": "sha1-L1c9hcaiQon/AGY7SRwdM4/zRYo="
    },
    "lodash.isarray": {
      "version": "3.0.4",
      "resolved": "https://registry.npmjs.org/lodash.isarray/-/lodash.isarray-3.0.4.tgz",
      "integrity": "sha1-eeTriMNqgSKvhvhEqpvNhRtfu1U="
    },
    "lodash.istypedarray": {
      "version": "3.0.6",
      "resolved": "https://registry.npmjs.org/lodash.istypedarray/-/lodash.istypedarray-3.0.6.tgz",
      "integrity": "sha1-yaR3SYYHUB2OhJTSg7h8OSgc72I="
    },
    "lodash.keys": {
      "version": "3.1.2",
      "resolved": "https://registry.npmjs.org/lodash.keys/-/lodash.keys-3.1.2.tgz",
      "integrity": "sha1-TbwEcrFWvlCgsoaFXRvQsMZWCYo=",
      "requires": {
        "lodash._getnative": "^3.0.0",
        "lodash.isarguments": "^3.0.0",
        "lodash.isarray": "^3.0.0"
      }
    },
    "lodash.map": {
      "version": "3.1.4",
      "resolved": "https://registry.npmjs.org/lodash.map/-/lodash.map-3.1.4.tgz",
      "integrity": "sha1-tIOs0beGxce0ksSV97UmYim8AMI=",
      "requires": {
        "lodash._arraymap": "^3.0.0",
        "lodash._basecallback": "^3.0.0",
        "lodash._baseeach": "^3.0.0",
        "lodash.isarray": "^3.0.0",
        "lodash.keys": "^3.0.0"
      }
    },
    "lodash.omit": {
      "version": "4.5.0",
      "resolved": "https://registry.npmjs.org/lodash.omit/-/lodash.omit-4.5.0.tgz",
      "integrity": "sha1-brGa5aHuHdnfC5aeZs4Lf6MLXmA="
    },
    "lodash.pairs": {
      "version": "3.0.1",
      "resolved": "https://registry.npmjs.org/lodash.pairs/-/lodash.pairs-3.0.1.tgz",
      "integrity": "sha1-u+CNV4bu6qCaFckevw3LfSvjJqk=",
      "requires": {
        "lodash.keys": "^3.0.0"
      }
    },
    "lodash.pluck": {
      "version": "3.1.2",
      "resolved": "https://registry.npmjs.org/lodash.pluck/-/lodash.pluck-3.1.2.tgz",
      "integrity": "sha1-s0fwN0wBafDusE1nLYnOyGMsIjE=",
      "requires": {
        "lodash._baseget": "^3.0.0",
        "lodash._topath": "^3.0.0",
        "lodash.isarray": "^3.0.0",
        "lodash.map": "^3.0.0"
      }
    },
    "lru-cache": {
      "version": "2.7.3",
      "resolved": "https://registry.npmjs.org/lru-cache/-/lru-cache-2.7.3.tgz",
      "integrity": "sha1-bUUk6LlV+V1PW1iFHOId1y+06VI=",
      "dev": true
    },
    "ltgt": {
      "version": "2.2.1",
      "resolved": "https://registry.npmjs.org/ltgt/-/ltgt-2.2.1.tgz",
      "integrity": "sha1-81ypHEk/e3PaDgdJUwTxezH4fuU="
    },
    "mime-db": {
      "version": "1.29.0",
      "resolved": "https://registry.npmjs.org/mime-db/-/mime-db-1.29.0.tgz",
      "integrity": "sha1-SNJtI1WJZRcErFkWygYAGRQmaHg="
    },
    "mime-types": {
      "version": "2.1.16",
      "resolved": "https://registry.npmjs.org/mime-types/-/mime-types-2.1.16.tgz",
      "integrity": "sha1-K4WKUuXs1RbbiXrCvodIeDBpjiM=",
      "requires": {
        "mime-db": "~1.29.0"
      }
    },
    "minimatch": {
      "version": "0.3.0",
      "resolved": "https://registry.npmjs.org/minimatch/-/minimatch-0.3.0.tgz",
      "integrity": "sha1-J12O2qxPG7MyZHIInnlJyDlGmd0=",
      "dev": true,
      "requires": {
        "lru-cache": "2",
        "sigmund": "~1.0.0"
      }
    },
    "minimist": {
      "version": "1.2.0",
      "resolved": "https://registry.npmjs.org/minimist/-/minimist-1.2.0.tgz",
      "integrity": "sha1-o1AIsg9BOD7sH7kU9M1d95omQoQ="
    },
    "napi-macros": {
      "version": "2.0.0",
      "resolved": "https://registry.npmjs.org/napi-macros/-/napi-macros-2.0.0.tgz",
      "integrity": "sha512-A0xLykHtARfueITVDernsAWdtIMbOJgKgcluwENp3AlsKN/PloyO10HtmoqnFAQAcxPkgZN7wdfPfEd0zNGxbg=="
    },
    "ndjson": {
      "version": "1.5.0",
      "resolved": "https://registry.npmjs.org/ndjson/-/ndjson-1.5.0.tgz",
      "integrity": "sha1-rmA7NrE0vOw0e0UkIrC/mNWDLsg=",
      "requires": {
        "json-stringify-safe": "^5.0.1",
        "minimist": "^1.2.0",
        "split2": "^2.1.0",
        "through2": "^2.0.3"
      }
    },
    "node-gyp-build": {
      "version": "4.1.1",
      "resolved": "https://registry.npmjs.org/node-gyp-build/-/node-gyp-build-4.1.1.tgz",
      "integrity": "sha512-dSq1xmcPDKPZ2EED2S6zw/b9NKsqzXRE6dVr8TVQnI3FJOTteUMuqF3Qqs6LZg+mLGYJWqQzMbIjMtJqTv87nQ=="
    },
    "nth-check": {
      "version": "1.0.1",
      "resolved": "https://registry.npmjs.org/nth-check/-/nth-check-1.0.1.tgz",
      "integrity": "sha1-mSms32KPwsQQmN6rgqxYDPFJquQ=",
      "requires": {
        "boolbase": "~1.0.0"
      }
    },
    "oauth": {
      "version": "0.9.9",
      "resolved": "https://registry.npmjs.org/oauth/-/oauth-0.9.9.tgz",
      "integrity": "sha1-7/EAAWHbZBrgyCbZl4mV83xG6Gk="
    },
    "oauth-sign": {
      "version": "0.8.2",
      "resolved": "https://registry.npmjs.org/oauth-sign/-/oauth-sign-0.8.2.tgz",
      "integrity": "sha1-Rqarfwrq2N6unsBWV4C31O/rnUM="
    },
    "object-inspect": {
      "version": "0.4.0",
      "resolved": "https://registry.npmjs.org/object-inspect/-/object-inspect-0.4.0.tgz",
      "integrity": "sha1-9RV8EWwUVbJDsG7pdwM5LFrYn+w=",
      "dev": true
    },
    "performance-now": {
      "version": "0.2.0",
      "resolved": "https://registry.npmjs.org/performance-now/-/performance-now-0.2.0.tgz",
      "integrity": "sha1-M+8wxcd9TqIcWlOGnZG1bY8lVeU="
    },
    "probable": {
      "version": "1.8.0",
      "resolved": "https://registry.npmjs.org/probable/-/probable-1.8.0.tgz",
      "integrity": "sha1-A7ScnNcnae6Ro4qPKZ31mWSaYRI="
    },
    "process-nextick-args": {
      "version": "1.0.7",
      "resolved": "https://registry.npmjs.org/process-nextick-args/-/process-nextick-args-1.0.7.tgz",
      "integrity": "sha1-FQ4gt1ZZCtP5EJPyWk8q2L/zC6M="
    },
    "prr": {
      "version": "1.0.1",
      "resolved": "https://registry.npmjs.org/prr/-/prr-1.0.1.tgz",
      "integrity": "sha1-0/wRS6BplaRexok/SEzrHXj19HY="
    },
    "punycode": {
      "version": "1.4.1",
      "resolved": "https://registry.npmjs.org/punycode/-/punycode-1.4.1.tgz",
      "integrity": "sha1-wNWmOycYgArY4esPpSachN1BhF4="
    },
    "qs": {
      "version": "6.4.0",
      "resolved": "https://registry.npmjs.org/qs/-/qs-6.4.0.tgz",
      "integrity": "sha1-E+JtKK1rD/qpExLNO/cI7TUecjM="
    },
    "readable-stream": {
      "version": "1.0.34",
      "resolved": "https://registry.npmjs.org/readable-stream/-/readable-stream-1.0.34.tgz",
      "integrity": "sha1-Elgg40vIQtLyqq+v5MKRbuMsFXw=",
      "requires": {
        "core-util-is": "~1.0.0",
        "inherits": "~2.0.1",
        "isarray": "0.0.1",
        "string_decoder": "~0.10.x"
      }
    },
    "request": {
      "version": "2.81.0",
      "resolved": "https://registry.npmjs.org/request/-/request-2.81.0.tgz",
      "integrity": "sha1-xpKJRqDgbF+Nb4qTM0af/aRimKA=",
      "requires": {
        "aws-sign2": "~0.6.0",
        "aws4": "^1.2.1",
        "caseless": "~0.12.0",
        "combined-stream": "~1.0.5",
        "extend": "~3.0.0",
        "forever-agent": "~0.6.1",
        "form-data": "~2.1.1",
        "har-validator": "~4.2.1",
        "hawk": "~3.1.3",
        "http-signature": "~1.1.0",
        "is-typedarray": "~1.0.0",
        "isstream": "~0.1.2",
        "json-stringify-safe": "~5.0.1",
        "mime-types": "~2.1.7",
        "oauth-sign": "~0.8.1",
        "performance-now": "^0.2.0",
        "qs": "~6.4.0",
        "safe-buffer": "^5.0.1",
        "stringstream": "~0.0.4",
        "tough-cookie": "~2.3.0",
        "tunnel-agent": "^0.6.0",
        "uuid": "^3.0.0"
      }
    },
    "resumer": {
      "version": "0.0.0",
      "resolved": "https://registry.npmjs.org/resumer/-/resumer-0.0.0.tgz",
      "integrity": "sha1-8ej0YeQGS6Oegq883CqMiT0HZ1k=",
      "dev": true,
      "requires": {
        "through": "~2.3.4"
      }
    },
    "safe-buffer": {
      "version": "5.1.1",
      "resolved": "https://registry.npmjs.org/safe-buffer/-/safe-buffer-5.1.1.tgz",
      "integrity": "sha512-kKvNJn6Mm93gAczWVJg7wH+wGYWNrDHdWvpUmHyEsgCtIwwo3bqPtV4tR5tuPaUhTOo/kvhVwd8XwwOllGYkbg=="
    },
    "sax": {
      "version": "0.6.1",
      "resolved": "https://registry.npmjs.org/sax/-/sax-0.6.1.tgz",
      "integrity": "sha1-VjsZx8HeiS4Jv8Ty/DDjwn8JUrk="
    },
    "seedrandom": {
      "version": "2.4.3",
      "resolved": "https://registry.npmjs.org/seedrandom/-/seedrandom-2.4.3.tgz",
      "integrity": "sha1-JDhQTa0zkXMUv/GKxNeU8W1qrsw="
    },
    "sigmund": {
      "version": "1.0.1",
      "resolved": "https://registry.npmjs.org/sigmund/-/sigmund-1.0.1.tgz",
      "integrity": "sha1-P/IfGYytIXX587eBhT/ZTQ0ZtZA=",
      "dev": true
    },
    "sntp": {
      "version": "1.0.9",
      "resolved": "https://registry.npmjs.org/sntp/-/sntp-1.0.9.tgz",
      "integrity": "sha1-ZUEYTMkK7qbG57NeJlkIJEPGYZg=",
      "requires": {
        "hoek": "2.x.x"
      }
    },
    "split2": {
      "version": "2.2.0",
      "resolved": "https://registry.npmjs.org/split2/-/split2-2.2.0.tgz",
      "integrity": "sha512-RAb22TG39LhI31MbreBgIuKiIKhVsawfTgEGqKHTK87aG+ul/PB8Sqoi3I7kVdRWiCfrKxK3uo4/YUkpNvhPbw==",
      "requires": {
        "through2": "^2.0.2"
      }
    },
    "sshpk": {
      "version": "1.13.1",
      "resolved": "https://registry.npmjs.org/sshpk/-/sshpk-1.13.1.tgz",
      "integrity": "sha1-US322mKHFEMW3EwY/hzx2UBzm+M=",
      "requires": {
        "asn1": "~0.2.3",
        "assert-plus": "^1.0.0",
        "bcrypt-pbkdf": "^1.0.0",
        "dashdash": "^1.12.0",
        "ecc-jsbn": "~0.1.1",
        "getpass": "^0.1.1",
        "jsbn": "~0.1.0",
        "tweetnacl": "~0.14.0"
      },
      "dependencies": {
        "assert-plus": {
          "version": "1.0.0",
          "resolved": "https://registry.npmjs.org/assert-plus/-/assert-plus-1.0.0.tgz",
          "integrity": "sha1-8S4PPF13sLHN2RRpQuTpbB5N1SU="
        }
      }
    },
    "standard-bail": {
      "version": "2.0.1",
      "resolved": "https://registry.npmjs.org/standard-bail/-/standard-bail-2.0.1.tgz",
      "integrity": "sha1-2S3sQy/iSKDrd4NRoKiWmJUfIrM="
    },
    "static-web-archive-on-git": {
      "version": "2.0.1",
      "resolved": "https://registry.npmjs.org/static-web-archive-on-git/-/static-web-archive-on-git-2.0.1.tgz",
      "integrity": "sha512-n8OT0NtF/XmUNUSOudKXNyY+lt1vvswHvrAcQ8BbYxkc/6xL/LIKNxPqaVyQujfCmcvv5QZkGw0C4nyQY8ZWOw==",
      "requires": {
        "async-waterfall": "^0.1.5",
        "call-next-tick": "^2.0.1",
        "d3-array": "^1.1.1",
        "d3-queue": "^3.0.5",
        "github-file": "^1.1.2",
        "idmaker": "^0.1.1",
        "lodash.clonedeep": "^4.5.0",
        "lodash.curry": "^4.1.1",
        "lodash.defaults": "^4.2.0",
        "lodash.omit": "^4.5.0",
        "lodash.pluck": "^3.1.2",
        "ndjson": "^1.5.0",
        "probable": "^2.1.1",
        "request": "^2.81.0",
        "standard-bail": "^2.0.1",
        "through2": "^2.0.3"
      },
      "dependencies": {
        "call-next-tick": {
          "version": "2.0.1",
          "resolved": "https://registry.npmjs.org/call-next-tick/-/call-next-tick-2.0.1.tgz",
          "integrity": "sha1-BHTMMDgD8HfWeQ8DR0PTN1YSxME="
        },
        "probable": {
          "version": "2.1.1",
          "resolved": "https://registry.npmjs.org/probable/-/probable-2.1.1.tgz",
          "integrity": "sha1-mR1D/M1odH//CuMthYf7ODPlUDI="
        }
      }
    },
    "string_decoder": {
      "version": "0.10.31",
      "resolved": "https://registry.npmjs.org/string_decoder/-/string_decoder-0.10.31.tgz",
      "integrity": "sha1-YuIDvEF2bGwoyfyEMB2rHFMQ+pQ="
    },
    "stringstream": {
      "version": "0.0.5",
      "resolved": "https://registry.npmjs.org/stringstream/-/stringstream-0.0.5.tgz",
      "integrity": "sha1-TkhM1N5aC7vuGORjB3EKioFiGHg="
    },
    "tape": {
      "version": "3.6.1",
      "resolved": "https://registry.npmjs.org/tape/-/tape-3.6.1.tgz",
      "integrity": "sha1-SJPdU+KApfWMDOswwsDrs7zVHh8=",
      "dev": true,
      "requires": {
        "deep-equal": "~0.2.0",
        "defined": "~0.0.0",
        "glob": "~3.2.9",
        "inherits": "~2.0.1",
        "object-inspect": "~0.4.0",
        "resumer": "~0.0.0",
        "through": "~2.3.4"
      }
    },
    "through": {
      "version": "2.3.8",
      "resolved": "https://registry.npmjs.org/through/-/through-2.3.8.tgz",
      "integrity": "sha1-DdTJ/6q8NXlgsbckEV1+Doai4fU=",
      "dev": true
    },
    "through2": {
      "version": "2.0.3",
      "resolved": "https://registry.npmjs.org/through2/-/through2-2.0.3.tgz",
      "integrity": "sha1-AARWmzfHx0ujnEPzzteNGtlBQL4=",
      "requires": {
        "readable-stream": "^2.1.5",
        "xtend": "~4.0.1"
      },
      "dependencies": {
        "isarray": {
          "version": "1.0.0",
          "resolved": "https://registry.npmjs.org/isarray/-/isarray-1.0.0.tgz",
          "integrity": "sha1-u5NdSFgsuhaMBoNJV6VKPgcSTxE="
        },
        "readable-stream": {
          "version": "2.3.3",
          "resolved": "https://registry.npmjs.org/readable-stream/-/readable-stream-2.3.3.tgz",
          "integrity": "sha512-m+qzzcn7KUxEmd1gMbchF+Y2eIUbieUaxkWtptyHywrX0rE8QEYqPC07Vuy4Wm32/xE16NcdBctb8S0Xe/5IeQ==",
          "requires": {
            "core-util-is": "~1.0.0",
            "inherits": "~2.0.3",
            "isarray": "~1.0.0",
            "process-nextick-args": "~1.0.6",
            "safe-buffer": "~5.1.1",
            "string_decoder": "~1.0.3",
            "util-deprecate": "~1.0.1"
          }
        },
        "string_decoder": {
          "version": "1.0.3",
          "resolved": "https://registry.npmjs.org/string_decoder/-/string_decoder-1.0.3.tgz",
          "integrity": "sha512-4AH6Z5fzNNBcH+6XDMfA/BTt87skxqJlO0lAh3Dker5zThcAxG6mKz+iGu308UKoPPQ8Dcqx/4JhujzltRa+hQ==",
          "requires": {
            "safe-buffer": "~5.1.0"
          }
        }
      }
    },
    "titlecase": {
      "version": "1.1.2",
      "resolved": "https://registry.npmjs.org/titlecase/-/titlecase-1.1.2.tgz",
      "integrity": "sha1-eBE9EQgIa4MmMxoyR96o9aSeqFM="
    },
    "tough-cookie": {
      "version": "2.3.2",
      "resolved": "https://registry.npmjs.org/tough-cookie/-/tough-cookie-2.3.2.tgz",
      "integrity": "sha1-8IH3bkyFcg5sN6X6ztc3FQ2EByo=",
      "requires": {
        "punycode": "^1.4.1"
      }
    },
    "tunnel-agent": {
      "version": "0.6.0",
      "resolved": "https://registry.npmjs.org/tunnel-agent/-/tunnel-agent-0.6.0.tgz",
      "integrity": "sha1-J6XeoGs2sEoKmWZ3SykIaPD8QP0=",
      "requires": {
        "safe-buffer": "^5.0.1"
      }
    },
    "tweetnacl": {
      "version": "0.14.5",
      "resolved": "https://registry.npmjs.org/tweetnacl/-/tweetnacl-0.14.5.tgz",
      "integrity": "sha1-WuaBd/GS1EViadEIr6k/+HQ/T2Q=",
      "optional": true
    },
    "twit": {
      "version": "1.1.20",
      "resolved": "https://registry.npmjs.org/twit/-/twit-1.1.20.tgz",
      "integrity": "sha1-Fw5n0Bh5hILK8pmN1Mb48py1SGE=",
      "requires": {
        "oauth": "0.9.9"
      }
    },
    "util-deprecate": {
      "version": "1.0.2",
      "resolved": "https://registry.npmjs.org/util-deprecate/-/util-deprecate-1.0.2.tgz",
      "integrity": "sha1-RQ1Nyfpw3nMnYvvS1KKJgUGaDM8="
    },
    "uuid": {
      "version": "3.1.0",
      "resolved": "https://registry.npmjs.org/uuid/-/uuid-3.1.0.tgz",
      "integrity": "sha512-DIWtzUkw04M4k3bf1IcpS2tngXEL26YUD2M0tMDUpnUrz2hgzUBlD55a4FjdLGPvfHxS6uluGWvaVEqgBcVa+g=="
    },
    "verror": {
      "version": "1.10.0",
      "resolved": "https://registry.npmjs.org/verror/-/verror-1.10.0.tgz",
      "integrity": "sha1-OhBcoXBTr1XW4nDB+CiGguGNpAA=",
      "requires": {
        "assert-plus": "^1.0.0",
        "core-util-is": "1.0.2",
        "extsprintf": "^1.2.0"
      },
      "dependencies": {
        "assert-plus": {
          "version": "1.0.0",
          "resolved": "https://registry.npmjs.org/assert-plus/-/assert-plus-1.0.0.tgz",
          "integrity": "sha1-8S4PPF13sLHN2RRpQuTpbB5N1SU="
        }
      }
    },
    "wordfilter": {
      "version": "0.2.6",
      "resolved": "https://registry.npmjs.org/wordfilter/-/wordfilter-0.2.6.tgz",
      "integrity": "sha1-3kGsY0qplLnxu5OMHMu83klkFGU="
    },
    "xtend": {
      "version": "4.0.1",
      "resolved": "https://registry.npmjs.org/xtend/-/xtend-4.0.1.tgz",
      "integrity": "sha1-pcbVMr5lbiPbgg77lDofBJmNY68="
    }
  }
}
